Microsoft Visual Studio Solution File, Format Version 12.00
# Visual Studio Version 17
VisualStudioVersion = 17.5.2.0
MinimumVisualStudioVersion = 10.0.40219.1
Project("{FAE04EC0-301F-11D3-BF4B-00C04F79EFBC}") = "LVTN_BE_COFFE", "LVTN_BE_COFFE.csproj", "{A1F7B574-C0D4-FD37-7B6F-9CF9874369D8}"
EndProject
Global
	GlobalSection(SolutionConfigurationPlatforms) = preSolution
		Debug|Any CPU = Debug|Any CPU
		Release|Any CPU = Release|Any CPU
	EndGlobalSection
	GlobalSection(ProjectConfigurationPlatforms) = postSolution
		{A1F7B574-C0D4-FD37-7B6F-9CF9874369D8}.Debug|Any CPU.ActiveCfg = Debug|Any CPU
		{A1F7B574-C0D4-FD37-7B6F-9CF9874369D8}.Debug|Any CPU.Build.0 = Debug|Any CPU
		{A1F7B574-C0D4-FD37-7B6F-9CF9874369D8}.Release|Any CPU.ActiveCfg = Release|Any CPU
		{A1F7B574-C0D4-FD37-7B6F-9CF9874369D8}.Release|Any CPU.Build.0 = Release|Any CPU
	EndGlobalSection
	GlobalSection(SolutionProperties) = preSolution
		HideSolutionNode = FALSE
	EndGlobalSection
	GlobalSection(ExtensibilityGlobals) = postSolution
		SolutionGuid = {9DA01EF6-4B25-46DF-9DD8-55F645EB0358}
	EndGlobalSection
EndGlobal
